// !$*UTF8*$!
{
	archiveVersion = 1;
	classes = {
	};
	objectVersion = 46;
	objects = {

/* Begin PBXBuildFile section */
		9C1ACD9B13C6A58B000A3361 /* poptart1red1.gif in Resources */ = {isa = PBXBuildFile; fileRef = 9C1ACD9A13C6A58B000A3361 /* poptart1red1.gif */; };
		9C4D83F813C408320007DB86 /* Cocoa.framework in Frameworks */ = {isa = PBXBuildFile; fileRef = 9C4D83F713C408320007DB86 /* Cocoa.framework */; };
		9C4D83FA13C408320007DB86 /* ScreenSaver.framework in Frameworks */ = {isa = PBXBuildFile; fileRef = 9C4D83F913C408320007DB86 /* ScreenSaver.framework */; };
		9C4D840413C408320007DB86 /* InfoPlist.strings in Resources */ = {isa = PBXBuildFile; fileRef = 9C4D840213C408320007DB86 /* InfoPlist.strings */; };
		9C4D840713C408320007DB86 /* nyancatView.h in Headers */ = {isa = PBXBuildFile; fileRef = 9C4D840613C408320007DB86 /* nyancatView.h */; };
		9C4D840913C408320007DB86 /* nyancatView.m in Sources */ = {isa = PBXBuildFile; fileRef = 9C4D840813C408320007DB86 /* nyancatView.m */; };
		9C4D841013C408850007DB86 /* OpenGL.framework in Frameworks */ = {isa = PBXBuildFile; fileRef = 9C4D840F13C408850007DB86 /* OpenGL.framework */; };
/* End PBXBuildFile section */

/* Begin PBXFileReference section */
		9C1ACD9A13C6A58B000A3361 /* poptart1red1.gif */ = {isa = PBXFileReference; lastKnownFileType = image.gif; path = poptart1red1.gif; sourceTree = "<group>"; };
		9C4D83F413C408320007DB86 /* nyancat.saver */ = {isa = PBXFileReference; explicitFileType = wrapper.cfbundle; includeInIndex = 0; path = nyancat.saver; sourceTree = BUILT_PRODUCTS_DIR; };
		9C4D83F713C408320007DB86 /* Cocoa.framework */ = {isa = PBXFileReference; lastKnownFileType = wrapper.framework; name = Cocoa.framework; path = System/Library/Frameworks/Cocoa.framework; sourceTree = SDKROOT; };
		9C4D83F913C408320007DB86 /* ScreenSaver.framework */ = {isa = PBXFileReference; lastKnownFileType = wrapper.framework; name = ScreenSaver.framework; path = System/Library/Frameworks/ScreenSaver.framework; sourceTree = SDKROOT; };
		9C4D83FC13C408320007DB86 /* AppKit.framework */ = {isa = PBXFileReference; lastKnownFileType = wrapper.framework; name = AppKit.framework; path = System/Library/Frameworks/AppKit.framework; sourceTree = SDKROOT; };
		9C4D83FD13C408320007DB86 /* CoreData.framework */ = {isa = PBXFileReference; lastKnownFileType = wrapper.framework; name = CoreData.framework; path = System/Library/Frameworks/CoreData.framework; sourceTree = SDKROOT; };
		9C4D83FE13C408320007DB86 /* Foundation.framework */ = {isa = PBXFileReference; lastKnownFileType = wrapper.framework; name = Foundation.framework; path = System/Library/Frameworks/Foundation.framework; sourceTree = SDKROOT; };
		9C4D840113C408320007DB86 /* nyancat-Info.plist */ = {isa = PBXFileReference; lastKnownFileType = text.plist.xml; path = "nyancat-Info.plist"; sourceTree = "<group>"; };
		9C4D840313C408320007DB86 /* en */ = {isa = PBXFileReference; lastKnownFileType = text.plist.strings; name = en; path = en.lproj/InfoPlist.strings; sourceTree = "<group>"; };
		9C4D840513C408320007DB86 /* nyancat-Prefix.pch */ = {isa = PBXFileReference; lastKnownFileType = sourcecode.c.h; path = "nyancat-Prefix.pch"; sourceTree = "<group>"; };
		9C4D840613C408320007DB86 /* nyancatView.h */ = {isa = PBXFileReference; lastKnownFileType = sourcecode.c.h; path = nyancatView.h; sourceTree = "<group>"; };
		9C4D840813C408320007DB86 /* nyancatView.m */ = {isa = PBXFileReference; lastKnownFileType = sourcecode.c.objc; path = nyancatView.m; sourceTree = "<group>"; };
		9C4D840F13C408850007DB86 /* OpenGL.framework */ = {isa = PBXFileReference; lastKnownFileType = wrapper.framework; name = OpenGL.framework; path = System/Library/Frameworks/OpenGL.framework; sourceTree = SDKROOT; };
/* End PBXFileReference section */

/* Begin PBXFrameworksBuildPhase section */
		9C4D83EF13C408320007DB86 /* Frameworks */ = {
			isa = PBXFrameworksBuildPhase;
			buildActionMask = 2147483647;
			files = (
				9C4D841013C408850007DB86 /* OpenGL.framework in Frameworks */,
				9C4D83F813C408320007DB86 /* Cocoa.framework in Frameworks */,
				9C4D83FA13C408320007DB86 /* ScreenSaver.framework in Frameworks */,
			);
			runOnlyForDeploymentPostprocessing = 0;
		};
/* End PBXFrameworksBuildPhase section */

/* Begin PBXGroup section */
		9C4D83E713C408320007DB86 = {
			isa = PBXGroup;
			children = (
				9C4D840F13C408850007DB86 /* OpenGL.framework */,
				9C4D83FF13C408320007DB86 /* nyancat */,
				9C4D83F613C408320007DB86 /* Frameworks */,
				9C4D83F513C408320007DB86 /* Products */,
			);
			sourceTree = "<group>";
		};
		9C4D83F513C408320007DB86 /* Products */ = {
			isa = PBXGroup;
			children = (
				9C4D83F413C408320007DB86 /* nyancat.saver */,
			);
			name = Products;
			sourceTree = "<group>";
		};
		9C4D83F613C408320007DB86 /* Frameworks */ = {
			isa = PBXGroup;
			children = (
				9C4D83F713C408320007DB86 /* Cocoa.framework */,
				9C4D83F913C408320007DB86 /* ScreenSaver.framework */,
				9C4D83FB13C408320007DB86 /* Other Frameworks */,
			);
			name = Frameworks;
			sourceTree = "<group>";
		};
		9C4D83FB13C408320007DB86 /* Other Frameworks */ = {
			isa = PBXGroup;
			children = (
				9C4D83FC13C408320007DB86 /* AppKit.framework */,
				9C4D83FD13C408320007DB86 /* CoreData.framework */,
				9C4D83FE13C408320007DB86 /* Foundation.framework */,
			);
			name = "Other Frameworks";
			sourceTree = "<group>";
		};
		9C4D83FF13C408320007DB86 /* nyancat */ = {
			isa = PBXGroup;
			children = (
				9C4D840613C408320007DB86 /* nyancatView.h */,
				9C4D840813C408320007DB86 /* nyancatView.m */,
				9C4D840013C408320007DB86 /* Supporting Files */,
			);
			path = nyancat;
			sourceTree = "<group>";
		};
		9C4D840013C408320007DB86 /* Supporting Files */ = {
			isa = PBXGroup;
			children = (
				9C1ACD9A13C6A58B000A3361 /* poptart1red1.gif */,
				9C4D840113C408320007DB86 /* nyancat-Info.plist */,
				9C4D840213C408320007DB86 /* InfoPlist.strings */,
				9C4D840513C408320007DB86 /* nyancat-Prefix.pch */,
			);
			name = "Supporting Files";
			sourceTree = "<group>";
		};
/* End PBXGroup section */

/* Begin PBXHeadersBuildPhase section */
		9C4D83F013C408320007DB86 /* Headers */ = {
			isa = PBXHeadersBuildPhase;
			buildActionMask = 2147483647;
			files = (
				9C4D840713C408320007DB86 /* nyancatView.h in Headers */,
			);
			runOnlyForDeploymentPostprocessing = 0;
		};
/* End PBXHeadersBuildPhase section */

/* Begin PBXNativeTarget section */
		9C4D83F313C408320007DB86 /* nyancat */ = {
			isa = PBXNativeTarget;
			buildConfigurationList = 9C4D840C13C408320007DB86 /* Build configuration list for PBXNativeTarget "nyancat" */;
			buildPhases = (
				9C4D83EE13C408320007DB86 /* Sources */,
				9C4D83EF13C408320007DB86 /* Frameworks */,
				9C4D83F013C408320007DB86 /* Headers */,
				9C4D83F113C408320007DB86 /* Resources */,
				9C4D83F213C408320007DB86 /* Rez */,
			);
			buildRules = (
			);
			dependencies = (
			);
			name = nyancat;
			productName = nyancat;
			productReference = 9C4D83F413C408320007DB86 /* nyancat.saver */;
			productType = "com.apple.product-type.bundle";
		};
/* End PBXNativeTarget section */

/* Begin PBXProject section */
		9C4D83E913C408320007DB86 /* Project object */ = {
			isa = PBXProject;
			buildConfigurationList = 9C4D83EC13C408320007DB86 /* Build configuration list for PBXProject "nyancat" */;
			compatibilityVersion = "Xcode 3.2";
			developmentRegion = English;
			hasScannedForEncodings = 0;
			knownRegions = (
				en,
			);
			mainGroup = 9C4D83E713C408320007DB86;
			productRefGroup = 9C4D83F513C408320007DB86 /* Products */;
			projectDirPath = "";
			projectRoot = "";
			targets = (
				9C4D83F313C408320007DB86 /* nyancat */,
			);
		};
/* End PBXProject section */

/* Begin PBXResourcesBuildPhase section */
		9C4D83F113C408320007DB86 /* Resources */ = {
			isa = PBXResourcesBuildPhase;
			buildActionMask = 2147483647;
			files = (
				9C4D840413C408320007DB86 /* InfoPlist.strings in Resources */,
				9C1ACD9B13C6A58B000A3361 /* poptart1red1.gif in Resources */,
			);
			runOnlyForDeploymentPostprocessing = 0;
		};
/* End PBXResourcesBuildPhase section */

/* Begin PBXRezBuildPhase section */
		9C4D83F213C408320007DB86 /* Rez */ = {
			isa = PBXRezBuildPhase;
			buildActionMask = 2147483647;
			files = (
			);
			runOnlyForDeploymentPostprocessing = 0;
		};
/* End PBXRezBuildPhase section */

/* Begin PBXSourcesBuildPhase section */
		9C4D83EE13C408320007DB86 /* Sources */ = {
			isa = PBXSourcesBuildPhase;
			buildActionMask = 2147483647;
			files = (
				9C4D840913C408320007DB86 /* nyancatView.m in Sources */,
			);
			runOnlyForDeploymentPostprocessing = 0;
		};
/* End PBXSourcesBuildPhase section */

/* Begin PBXVariantGroup section */
		9C4D840213C408320007DB86 /* InfoPlist.strings */ = {
			isa = PBXVariantGroup;
			children = (
				9C4D840313C408320007DB86 /* en */,
			);
			name = InfoPlist.strings;
			sourceTree = "<group>";
		};
/* End PBXVariantGroup section */

/* Begin XCBuildConfiguration section */
		9C4D840A13C408320007DB86 /* Debug */ = {
			isa = XCBuildConfiguration;
			buildSettings = {
				ARCHS = "$(ARCHS_STANDARD_32_64_BIT)";
				GCC_C_LANGUAGE_STANDARD = gnu99;
				GCC_ENABLE_OBJC_GC = supported;
				GCC_OPTIMIZATION_LEVEL = 0;
				GCC_PREPROCESSOR_DEFINITIONS = DEBUG;
				GCC_SYMBOLS_PRIVATE_EXTERN = NO;
				GCC_VERSION = com.apple.compilers.llvm.clang.1_0;
				GCC_WARN_64_TO_32_BIT_CONVERSION = YES;
				GCC_WARN_ABOUT_RETURN_TYPE = YES;
				GCC_WARN_UNUSED_VARIABLE = YES;
				MACOSX_DEPLOYMENT_TARGET = 10.6;
				ONLY_ACTIVE_ARCH = YES;
				SDKROOT = macosx;
			};
			name = Debug;
		};
		9C4D840B13C408320007DB86 /* Release */ = {
			isa = XCBuildConfiguration;
			buildSettings = {
				ARCHS = "$(ARCHS_STANDARD_32_64_BIT)";
				GCC_C_LANGUAGE_STANDARD = gnu99;
				GCC_ENABLE_OBJC_GC = supported;
				GCC_VERSION = com.apple.compilers.llvm.clang.1_0;
				GCC_WARN_64_TO_32_BIT_CONVERSION = YES;
				GCC_WARN_ABOUT_RETURN_TYPE = YES;
				GCC_WARN_UNUSED_VARIABLE = YES;
				MACOSX_DEPLOYMENT_TARGET = 10.6;
				SDKROOT = macosx;
			};
			name = Release;
		};
		9C4D840D13C408320007DB86 /* Debug */ = {
			isa = XCBuildConfiguration;
			buildSettings = {
				ALWAYS_SEARCH_USER_PATHS = NO;
				COPY_PHASE_STRIP = NO;
				GCC_DYNAMIC_NO_PIC = NO;
				GCC_ENABLE_OBJC_EXCEPTIONS = YES;
				GCC_PRECOMPILE_PREFIX_HEADER = YES;
				GCC_PREFIX_HEADER = "nyancat/nyancat-Prefix.pch";
				INFOPLIST_FILE = "nyancat/nyancat-Info.plist";
				INSTALL_PATH = "$(HOME)/Library/Screen Savers";
				PRODUCT_NAME = "$(TARGET_NAME)";
				WRAPPER_EXTENSION = saver;
			};
			name = Debug;
		};
		9C4D840E13C408320007DB86 /* Release */ = {
			isa = XCBuildConfiguration;
			buildSettings = {
				ALWAYS_SEARCH_USER_PATHS = NO;
				COPY_PHASE_STRIP = YES;
				DEBUG_INFORMATION_FORMAT = "dwarf-with-dsym";
				GCC_ENABLE_OBJC_EXCEPTIONS = YES;
				GCC_PRECOMPILE_PREFIX_HEADER = YES;
				GCC_PREFIX_HEADER = "nyancat/nyancat-Prefix.pch";
				INFOPLIST_FILE = "nyancat/nyancat-Info.plist";
				INSTALL_PATH = "$(HOME)/Library/Screen Savers";
				PRODUCT_NAME = "$(TARGET_NAME)";
				WRAPPER_EXTENSION = saver;
			};
			name = Release;
		};
/* End XCBuildConfiguration section */

/* Begin XCConfigurationList section */
		9C4D83EC13C408320007DB86 /* Build configuration list for PBXProject "nyancat" */ = {
			isa = XCConfigurationList;
			buildConfigurations = (
				9C4D840A13C408320007DB86 /* Debug */,
				9C4D840B13C408320007DB86 /* Release */,
			);
			defaultConfigurationIsVisible = 0;
			defaultConfigurationName = Release;
		};
		9C4D840C13C408320007DB86 /* Build configuration list for PBXNativeTarget "nyancat" */ = {
			isa = XCConfigurationList;
			buildConfigurations = (
				9C4D840D13C408320007DB86 /* Debug */,
				9C4D840E13C408320007DB86 /* Release */,
			);
			defaultConfigurationIsVisible = 0;
			defaultConfigurationName = Release;
		};
/* End XCConfigurationList section */
	};
	rootObject = 9C4D83E913C408320007DB86 /* Project object */;
}
